
Microsoft Visual Studio Solution File, Format Version 12.00
# Visual Studio 15
VisualStudioVersion = 15.0.26124.0
MinimumVisualStudioVersion = 15.0.26124.0
Project("{FAE04EC0-301F-11D3-BF4B-00C04F79EFBC}") = "QuickBuy.Dominio", "QuickBuy.Dominio\QuickBuy.Dominio.csproj", "{79A808B1-055E-4525-B2A9-657F88BA43FA}"
EndProject
Project("{FAE04EC0-301F-11D3-BF4B-00C04F79EFBC}") = "QuickBuy.Repositorio", "QuickBuy.Repositorio\QuickBuy.Repositorio.csproj", "{29BB22BF-AB1D-4AD2-BFD2-033D94B87F48}"
EndProject
Project("{FAE04EC0-301F-11D3-BF4B-00C04F79EFBC}") = "QuickBuy.Web", "QuickBuy.Web\QuickBuy.Web.csproj", "{2BDCAECE-698E-44C2-992B-ACFD0FA2E754}"
EndProject
Global
	GlobalSection(SolutionConfigurationPlatforms) = preSolution
		Debug|Any CPU = Debug|Any CPU
		Debug|x64 = Debug|x64
		Debug|x86 = Debug|x86
		Release|Any CPU = Release|Any CPU
		Release|x64 = Release|x64
		Release|x86 = Release|x86
	EndGlobalSection
	GlobalSection(SolutionProperties) = preSolution
		HideSolutionNode = FALSE
	EndGlobalSection
	GlobalSection(ProjectConfigurationPlatforms) = postSolution
		{79A808B1-055E-4525-B2A9-657F88BA43FA}.Debug|Any CPU.ActiveCfg = Debug|Any CPU
		{79A808B1-055E-4525-B2A9-657F88BA43FA}.Debug|Any CPU.Build.0 = Debug|Any CPU
		{79A808B1-055E-4525-B2A9-657F88BA43FA}.Debug|x64.ActiveCfg = Debug|Any CPU
		{79A808B1-055E-4525-B2A9-657F88BA43FA}.Debug|x64.Build.0 = Debug|Any CPU
		{79A808B1-055E-4525-B2A9-657F88BA43FA}.Debug|x86.ActiveCfg = Debug|Any CPU
		{79A808B1-055E-4525-B2A9-657F88BA43FA}.Debug|x86.Build.0 = Debug|Any CPU
		{79A808B1-055E-4525-B2A9-657F88BA43FA}.Release|Any CPU.ActiveCfg = Release|Any CPU
		{79A808B1-055E-4525-B2A9-657F88BA43FA}.Release|Any CPU.Build.0 = Release|Any CPU
		{79A808B1-055E-4525-B2A9-657F88BA43FA}.Release|x64.ActiveCfg = Release|Any CPU
		{79A808B1-055E-4525-B2A9-657F88BA43FA}.Release|x64.Build.0 = Release|Any CPU
		{79A808B1-055E-4525-B2A9-657F88BA43FA}.Release|x86.ActiveCfg = Release|Any CPU
		{79A808B1-055E-4525-B2A9-657F88BA43FA}.Release|x86.Build.0 = Release|Any CPU
		{29BB22BF-AB1D-4AD2-BFD2-033D94B87F48}.Debug|Any CPU.ActiveCfg = Debug|Any CPU
		{29BB22BF-AB1D-4AD2-BFD2-033D94B87F48}.Debug|Any CPU.Build.0 = Debug|Any CPU
		{29BB22BF-AB1D-4AD2-BFD2-033D94B87F48}.Debug|x64.ActiveCfg = Debug|Any CPU
		{29BB22BF-AB1D-4AD2-BFD2-033D94B87F48}.Debug|x64.Build.0 = Debug|Any CPU
		{29BB22BF-AB1D-4AD2-BFD2-033D94B87F48}.Debug|x86.ActiveCfg = Debug|Any CPU
		{29BB22BF-AB1D-4AD2-BFD2-033D94B87F48}.Debug|x86.Build.0 = Debug|Any CPU
		{29BB22BF-AB1D-4AD2-BFD2-033D94B87F48}.Release|Any CPU.ActiveCfg = Release|Any CPU
		{29BB22BF-AB1D-4AD2-BFD2-033D94B87F48}.Release|Any CPU.Build.0 = Release|Any CPU
		{29BB22BF-AB1D-4AD2-BFD2-033D94B87F48}.Release|x64.ActiveCfg = Release|Any CPU
		{29BB22BF-AB1D-4AD2-BFD2-033D94B87F48}.Release|x64.Build.0 = Release|Any CPU
		{29BB22BF-AB1D-4AD2-BFD2-033D94B87F48}.Release|x86.ActiveCfg = Release|Any CPU
		{29BB22BF-AB1D-4AD2-BFD2-033D94B87F48}.Release|x86.Build.0 = Release|Any CPU
		{2BDCAECE-698E-44C2-992B-ACFD0FA2E754}.Debug|Any CPU.ActiveCfg = Debug|Any CPU
		{2BDCAECE-698E-44C2-992B-ACFD0FA2E754}.Debug|Any CPU.Build.0 = Debug|Any CPU
		{2BDCAECE-698E-44C2-992B-ACFD0FA2E754}.Debug|x64.ActiveCfg = Debug|Any CPU
		{2BDCAECE-698E-44C2-992B-ACFD0FA2E754}.Debug|x64.Build.0 = Debug|Any CPU
		{2BDCAECE-698E-44C2-992B-ACFD0FA2E754}.Debug|x86.ActiveCfg = Debug|Any CPU
		{2BDCAECE-698E-44C2-992B-ACFD0FA2E754}.Debug|x86.Build.0 = Debug|Any CPU
		{2BDCAECE-698E-44C2-992B-ACFD0FA2E754}.Release|Any CPU.ActiveCfg = Release|Any CPU
		{2BDCAECE-698E-44C2-992B-ACFD0FA2E754}.Release|Any CPU.Build.0 = Release|Any CPU
		{2BDCAECE-698E-44C2-992B-ACFD0FA2E754}.Release|x64.ActiveCfg = Release|Any CPU
		{2BDCAECE-698E-44C2-992B-ACFD0FA2E754}.Release|x64.Build.0 = Release|Any CPU
		{2BDCAECE-698E-44C2-992B-ACFD0FA2E754}.Release|x86.ActiveCfg = Release|Any CPU
		{2BDCAECE-698E-44C2-992B-ACFD0FA2E754}.Release|x86.Build.0 = Release|Any CPU
	EndGlobalSection
EndGlobal
